
Microsoft Visual Studio Solution File, Format Version 12.00
# Visual Studio Version 17
VisualStudioVersion = 17.4.33213.308
MinimumVisualStudioVersion = 10.0.40219.1
Project("{FAE04EC0-301F-11D3-BF4B-00C04F79EFBC}") = "CourseSubmission_DatabaseStorage", "CourseSubmission_DatabaseStorage\CourseSubmission_DatabaseStorage.csproj", "{47AF9C96-9C1B-4FFB-A2C2-0425A4608ABD}"
EndProject
Global
	GlobalSection(SolutionConfigurationPlatforms) = preSolution
		Debug|Any CPU = Debug|Any CPU
		Release|Any CPU = Release|Any CPU
	EndGlobalSection
	GlobalSection(ProjectConfigurationPlatforms) = postSolution
		{47AF9C96-9C1B-4FFB-A2C2-0425A4608ABD}.Debug|Any CPU.ActiveCfg = Debug|Any CPU
		{47AF9C96-9C1B-4FFB-A2C2-0425A4608ABD}.Debug|Any CPU.Build.0 = Debug|Any CPU
		{47AF9C96-9C1B-4FFB-A2C2-0425A4608ABD}.Release|Any CPU.ActiveCfg = Release|Any CPU
		{47AF9C96-9C1B-4FFB-A2C2-0425A4608ABD}.Release|Any CPU.Build.0 = Release|Any CPU
	EndGlobalSection
	GlobalSection(SolutionProperties) = preSolution
		HideSolutionNode = FALSE
	EndGlobalSection
	GlobalSection(ExtensibilityGlobals) = postSolution
		SolutionGuid = {0DD42925-4A2A-4AD1-9250-16EA45CDD41C}
	EndGlobalSection
EndGlobal
